
Microsoft Visual Studio Solution File, Format Version 12.00
# Visual Studio Version 16
VisualStudioVersion = 16.0.30717.126
MinimumVisualStudioVersion = 10.0.40219.1
Project("{FAE04EC0-301F-11D3-BF4B-00C04F79EFBC}") = "API", "API\API.csproj", "{F93599D0-207E-4A3C-A15F-45D62B3B37BB}"
EndProject
Global
	GlobalSection(SolutionConfigurationPlatforms) = preSolution
		Debug|Any CPU = Debug|Any CPU
		Release|Any CPU = Release|Any CPU
	EndGlobalSection
	GlobalSection(ProjectConfigurationPlatforms) = postSolution
		{F93599D0-207E-4A3C-A15F-45D62B3B37BB}.Debug|Any CPU.ActiveCfg = Debug|Any CPU
		{F93599D0-207E-4A3C-A15F-45D62B3B37BB}.Debug|Any CPU.Build.0 = Debug|Any CPU
		{F93599D0-207E-4A3C-A15F-45D62B3B37BB}.Release|Any CPU.ActiveCfg = Release|Any CPU
		{F93599D0-207E-4A3C-A15F-45D62B3B37BB}.Release|Any CPU.Build.0 = Release|Any CPU
	EndGlobalSection
	GlobalSection(SolutionProperties) = preSolution
		HideSolutionNode = FALSE
	EndGlobalSection
	GlobalSection(ExtensibilityGlobals) = postSolution
		SolutionGuid = {891CC890-B4B6-463A-9593-C2A775770D6B}
	EndGlobalSection
EndGlobal
